
Microsoft Visual Studio Solution File, Format Version 12.00
# Visual Studio Version 17
VisualStudioVersion = 17.9.34728.123
MinimumVisualStudioVersion = 10.0.40219.1
Project("{FAE04EC0-301F-11D3-BF4B-00C04F79EFBC}") = "Orleans", "Orleans\Orleans.csproj", "{7B1464E2-F77E-4A45-AFCC-415C128C7975}"
EndProject
Project("{FAE04EC0-301F-11D3-BF4B-00C04F79EFBC}") = "Orleans.Grains", "Orleans.Client\Orleans.Grains.csproj", "{C36B1599-A66F-4530-ACE6-24690EE6905B}"
EndProject
Project("{FAE04EC0-301F-11D3-BF4B-00C04F79EFBC}") = "Orleans.Client", "Orleans.Clients\Orleans.Client.csproj", "{D785BDF5-BAF2-41AE-863F-D253519A770A}"
EndProject
Global
	GlobalSection(SolutionConfigurationPlatforms) = preSolution
		Debug|Any CPU = Debug|Any CPU
		Release|Any CPU = Release|Any CPU
	EndGlobalSection
	GlobalSection(ProjectConfigurationPlatforms) = postSolution
		{7B1464E2-F77E-4A45-AFCC-415C128C7975}.Debug|Any CPU.ActiveCfg = Debug|Any CPU
		{7B1464E2-F77E-4A45-AFCC-415C128C7975}.Debug|Any CPU.Build.0 = Debug|Any CPU
		{7B1464E2-F77E-4A45-AFCC-415C128C7975}.Release|Any CPU.ActiveCfg = Release|Any CPU
		{7B1464E2-F77E-4A45-AFCC-415C128C7975}.Release|Any CPU.Build.0 = Release|Any CPU
		{C36B1599-A66F-4530-ACE6-24690EE6905B}.Debug|Any CPU.ActiveCfg = Debug|Any CPU
		{C36B1599-A66F-4530-ACE6-24690EE6905B}.Debug|Any CPU.Build.0 = Debug|Any CPU
		{C36B1599-A66F-4530-ACE6-24690EE6905B}.Release|Any CPU.ActiveCfg = Release|Any CPU
		{C36B1599-A66F-4530-ACE6-24690EE6905B}.Release|Any CPU.Build.0 = Release|Any CPU
		{D785BDF5-BAF2-41AE-863F-D253519A770A}.Debug|Any CPU.ActiveCfg = Debug|Any CPU
		{D785BDF5-BAF2-41AE-863F-D253519A770A}.Debug|Any CPU.Build.0 = Debug|Any CPU
		{D785BDF5-BAF2-41AE-863F-D253519A770A}.Release|Any CPU.ActiveCfg = Release|Any CPU
		{D785BDF5-BAF2-41AE-863F-D253519A770A}.Release|Any CPU.Build.0 = Release|Any CPU
	EndGlobalSection
	GlobalSection(SolutionProperties) = preSolution
		HideSolutionNode = FALSE
	EndGlobalSection
	GlobalSection(ExtensibilityGlobals) = postSolution
		SolutionGuid = {1D84D2BE-4D38-493F-BC11-EEB249ED07D3}
	EndGlobalSection
EndGlobal
